Microsoft Visual Studio Solution File, Format Version 12.00
# Visual Studio Version 17
VisualStudioVersion = 17.9.34714.143
MinimumVisualStudioVersion = 10.0.40219.1
Project("{9A19103F-16F7-4668-BE54-9A1E7A4F7556}") = "BioMA.ModelLayer.DCC.NetFramework", "BioMA.ModelLayer.DCC.NetFramework.csproj", "{F8CBEA3E-1AEB-4A73-A5E2-87AB274FA0AB}"
EndProject
Project("{2150E333-8FDC-42A3-9474-1A3956D46DE8}") = "Elementi di soluzione", "Elementi di soluzione", "{C3FCA79D-3954-43E6-B2F1-1330160537CE}"
	ProjectSection(SolutionItems) = preProject
		azure-pipelines.yml = azure-pipelines.yml
	EndProjectSection
EndProject
Global
	GlobalSection(SolutionConfigurationPlatforms) = preSolution
		Debug|Any CPU = Debug|Any CPU
		Release|Any CPU = Release|Any CPU
	EndGlobalSection
	GlobalSection(ProjectConfigurationPlatforms) = postSolution
		{F8CBEA3E-1AEB-4A73-A5E2-87AB274FA0AB}.Debug|Any CPU.ActiveCfg = Debug|Any CPU
		{F8CBEA3E-1AEB-4A73-A5E2-87AB274FA0AB}.Debug|Any CPU.Build.0 = Debug|Any CPU
		{F8CBEA3E-1AEB-4A73-A5E2-87AB274FA0AB}.Release|Any CPU.ActiveCfg = Release|Any CPU
		{F8CBEA3E-1AEB-4A73-A5E2-87AB274FA0AB}.Release|Any CPU.Build.0 = Release|Any CPU
	EndGlobalSection
	GlobalSection(SolutionProperties) = preSolution
		HideSolutionNode = FALSE
	EndGlobalSection
	GlobalSection(ExtensibilityGlobals) = postSolution
		SolutionGuid = {4BE429FB-3EB4-4863-A1E2-2B71C2320857}
	EndGlobalSection
EndGlobal
